# THIS IS AN AUTOGENERATED FILE. DO NOT EDIT THIS FILE DIRECTLY.
# yarn lockfile v1


"@wdesportes/test-publish-npm@^1.0.0":
  version "1.0.0"
  resolved "https://npm.pkg.github.com/download/@wdesportes/test-publish-npm/1.0.0/6ba6a57199ac21860baad6728002e00eb40092389b9ff1a874487d445be96817#1fbfb6f04c954771d16200cf2f69988cf82d9864"
  integrity sha512-Pn/NvB+dXL5gBFk9/uAqsxU0Y8joOiNWRLvahZZeZSsPnnCfMhNf+v+y/2ItNKhLBkVQngqm3kttINoMjeQAbg==
